Microsoft Visual Studio Solution File, Format Version 12.00
# Visual Studio Version 17
VisualStudioVersion = 17.5.2.0
MinimumVisualStudioVersion = 10.0.40219.1
Project("{FAE04EC0-301F-11D3-BF4B-00C04F79EFBC}") = "FrontBlazor_AppiGenericaCsharp", "FrontBlazor_AppiGenericaCsharp.csproj", "{0CE749AA-F48B-AE2C-A4AE-41E9D0294F46}"
EndProject
Global
	GlobalSection(SolutionConfigurationPlatforms) = preSolution
		Debug|Any CPU = Debug|Any CPU
		Release|Any CPU = Release|Any CPU
	EndGlobalSection
	GlobalSection(ProjectConfigurationPlatforms) = postSolution
		{0CE749AA-F48B-AE2C-A4AE-41E9D0294F46}.Debug|Any CPU.ActiveCfg = Debug|Any CPU
		{0CE749AA-F48B-AE2C-A4AE-41E9D0294F46}.Debug|Any CPU.Build.0 = Debug|Any CPU
		{0CE749AA-F48B-AE2C-A4AE-41E9D0294F46}.Release|Any CPU.ActiveCfg = Release|Any CPU
		{0CE749AA-F48B-AE2C-A4AE-41E9D0294F46}.Release|Any CPU.Build.0 = Release|Any CPU
	EndGlobalSection
	GlobalSection(SolutionProperties) = preSolution
		HideSolutionNode = FALSE
	EndGlobalSection
	GlobalSection(ExtensibilityGlobals) = postSolution
		SolutionGuid = {60B93291-D349-4849-AF46-D90198388D31}
	EndGlobalSection
EndGlobal
